{
  "name": "AXA.WebEngine.OSS",
  "lockfileVersion": 2,
  "requires": true,
  "packages": {
    "": {
      "dependencies": {
        "docfx": "^1.0.5"
      }
    },
    "node_modules/docfx": {
      "version": "1.0.5",
      "resolved": "https://registry.npmjs.org/docfx/-/docfx-1.0.5.tgz",
      "integrity": "sha1-ccPHwwdLz62xJ2RHBy99AexNUJw=",
      "deprecated": "this package has been deprecated",
      "bin": {
        "docfx": "docfx/docfxjs"
      }
    }
  },
  "dependencies": {
    "docfx": {
      "version": "1.0.5",
      "resolved": "https://registry.npmjs.org/docfx/-/docfx-1.0.5.tgz",
      "integrity": "sha1-ccPHwwdLz62xJ2RHBy99AexNUJw="
    }
  }
}
