
Microsoft Visual Studio Solution File, Format Version 12.00
# Visual Studio Version 17
VisualStudioVersion = 17.1.32228.430
MinimumVisualStudioVersion = 10.0.40219.1
Project("{9A19103F-16F7-4668-BE54-9A1E7A4F7556}") = "AxaFrance.WebEngine", "AxaFrance.WebEngine\AxaFrance.WebEngine.csproj", "{4CEE698C-D80E-4EF3-8A90-E59B9C1DD9B9}"
EndProject
Project("{9A19103F-16F7-4668-BE54-9A1E7A4F7556}") = "AxaFrance.WebEngine.Web", "AxaFrance.WebEngine.Web\AxaFrance.WebEngine.Web.csproj", "{2F3B25D1-2833-4BA8-BEA4-E34A72C663DA}"
EndProject
Project("{9A19103F-16F7-4668-BE54-9A1E7A4F7556}") = "AxaFrance.WebEngine.MobileApp", "AxaFrance.WebEngine.MobileApp\AxaFrance.WebEngine.MobileApp.csproj", "{7C8E7830-650D-4FAA-BA4B-56766D09FC48}"
EndProject
Project("{9A19103F-16F7-4668-BE54-9A1E7A4F7556}") = "AxaFrance.WebEngine.Doc", "AxaFrance.WebEngine.Doc\AxaFrance.WebEngine.Doc.csproj", "{5A421678-DA27-4326-ADE6-9732B4BB3E2B}"
EndProject
Project("{9A19103F-16F7-4668-BE54-9A1E7A4F7556}") = "AxaFrance.WebEngine.Runner", "AxaFrance.WebEngine.Runner\AxaFrance.WebEngine.Runner.csproj", "{FE12B326-BCD9-4989-A5E3-C9045EFBDDE0}"
EndProject
Project("{9A19103F-16F7-4668-BE54-9A1E7A4F7556}") = "AxaFrance.WebEngine.ReportViewer", "AxaFrance.WebEngine.ReportViewer\AxaFrance.WebEngine.ReportViewer.csproj", "{FB0C7809-F84E-4343-8380-71F407B81D42}"
EndProject
Project("{2150E333-8FDC-42A3-9474-1A3956D46DE8}") = "Schemas", "Schemas", "{A4991747-FBA8-4430-84D4-4D3EA2337675}"
	ProjectSection(SolutionItems) = preProject
		..\Schemas\JUnitTestReport.xsd = ..\Schemas\JUnitTestReport.xsd
		..\Schemas\Schemas.pptx = ..\Schemas\Schemas.pptx
		..\Schemas\Schemas.xsd = ..\Schemas\Schemas.xsd
	EndProjectSection
EndProject
Project("{FAE04EC0-301F-11D3-BF4B-00C04F79EFBC}") = "AxaFrance.WebEngine.ExcelUI", "AxaFrance.WebEngine.ExcelUI\AxaFrance.WebEngine.ExcelUI.csproj", "{679D1D25-0799-4896-9658-4FCC492AAA12}"
EndProject
Project("{2150E333-8FDC-42A3-9474-1A3956D46DE8}") = "Files", "Files", "{8AB08366-E518-43DB-8542-8F734BA45DD0}"
	ProjectSection(SolutionItems) = preProject
		..\3RD_PARTY_RESOURCES.md = ..\3RD_PARTY_RESOURCES.md
		..\CHANGELOG.md = ..\CHANGELOG.md
		..\CODE_OF_CONDUCT.md = ..\CODE_OF_CONDUCT.md
		..\CONTRIBUTING.md = ..\CONTRIBUTING.md
		..\ISSUE_TEMPLATE.md = ..\ISSUE_TEMPLATE.md
		..\LICENCE.md = ..\LICENCE.md
		..\PULL_REQUEST_TEMPLATE.md = ..\PULL_REQUEST_TEMPLATE.md
		..\README.md = ..\README.md
		..\WebEngine2.0.md = ..\WebEngine2.0.md
	EndProjectSection
EndProject
Project("{2150E333-8FDC-42A3-9474-1A3956D46DE8}") = "cicd", "cicd", "{8943BF7F-960F-406E-B415-6527828B602A}"
	ProjectSection(SolutionItems) = preProject
		..\.github\workflows\build-and-publish-PROnly.yml = ..\.github\workflows\build-and-publish-PROnly.yml
		..\.github\workflows\build-develop.yml = ..\.github\workflows\build-develop.yml
	EndProjectSection
EndProject
Project("{2150E333-8FDC-42A3-9474-1A3956D46DE8}") = "Samples", "Samples", "{A333A615-1BE3-4FAD-930E-2CF69D794320}"
EndProject
Project("{2150E333-8FDC-42A3-9474-1A3956D46DE8}") = "UnitTests", "UnitTests", "{E0E28C2C-1A5D-4E7E-BF00-326591D6C49F}"
EndProject
Project("{2150E333-8FDC-42A3-9474-1A3956D46DE8}") = "Accesssibility", "Accesssibility", "{29B53297-D557-490E-95CB-449E7EBA4EC0}"
EndProject
Project("{9A19103F-16F7-4668-BE54-9A1E7A4F7556}") = "AxaFrance.AxeExtended.HtmlReport", "AxaFrance.AxeExtended.HtmlReport\AxaFrance.AxeExtended.HtmlReport.csproj", "{5E767089-F407-496F-9EE5-911515D4369D}"
EndProject
Project("{9A19103F-16F7-4668-BE54-9A1E7A4F7556}") = "AxaFrance.AxeExtended.Selenium", "AxaFrance.AxeExtended.Selenium\AxaFrance.AxeExtended.Selenium.csproj", "{0319E876-1FBB-4FF8-AA6D-A82BC461332D}"
EndProject
Project("{9A19103F-16F7-4668-BE54-9A1E7A4F7556}") = "WebEngine.Test", "WebEngine.Test\WebEngine.Test.csproj", "{3415DAE5-ABA2-417A-91FE-75CD541DEE0A}"
EndProject
Project("{9A19103F-16F7-4668-BE54-9A1E7A4F7556}") = "Samples.DataDriven", "Samples.DataDriven\Samples.DataDriven.csproj", "{EB8B7B61-38B2-4E76-BA13-5AE6D3A201C5}"
EndProject
Project("{9A19103F-16F7-4668-BE54-9A1E7A4F7556}") = "Samples.Gherkin", "Samples.Gherkin\Samples.Gherkin.csproj", "{978F6FAF-DB8A-4060-B14D-EA6332EBB8B1}"
EndProject
Project("{9A19103F-16F7-4668-BE54-9A1E7A4F7556}") = "Samples.KeywordDriven", "Samples.KeywordDriven\Samples.KeywordDriven.csproj", "{0EF563D4-648F-460B-A22E-8ED4A234F375}"
EndProject
Project("{9A19103F-16F7-4668-BE54-9A1E7A4F7556}") = "Samples.LinearScripting", "Samples.LinearScripting\Samples.LinearScripting.csproj", "{C3EF2A73-9512-4798-AE92-53DD8C98BCDD}"
EndProject
Global
	GlobalSection(SolutionConfigurationPlatforms) = preSolution
		Debug|Any CPU = Debug|Any CPU
		Release|Any CPU = Release|Any CPU
	EndGlobalSection
	GlobalSection(ProjectConfigurationPlatforms) = postSolution
		{4CEE698C-D80E-4EF3-8A90-E59B9C1DD9B9}.Debug|Any CPU.ActiveCfg = Debug|Any CPU
		{4CEE698C-D80E-4EF3-8A90-E59B9C1DD9B9}.Debug|Any CPU.Build.0 = Debug|Any CPU
		{4CEE698C-D80E-4EF3-8A90-E59B9C1DD9B9}.Release|Any CPU.ActiveCfg = Release|Any CPU
		{4CEE698C-D80E-4EF3-8A90-E59B9C1DD9B9}.Release|Any CPU.Build.0 = Release|Any CPU
		{2F3B25D1-2833-4BA8-BEA4-E34A72C663DA}.Debug|Any CPU.ActiveCfg = Debug|Any CPU
		{2F3B25D1-2833-4BA8-BEA4-E34A72C663DA}.Debug|Any CPU.Build.0 = Debug|Any CPU
		{2F3B25D1-2833-4BA8-BEA4-E34A72C663DA}.Release|Any CPU.ActiveCfg = Release|Any CPU
		{2F3B25D1-2833-4BA8-BEA4-E34A72C663DA}.Release|Any CPU.Build.0 = Release|Any CPU
		{7C8E7830-650D-4FAA-BA4B-56766D09FC48}.Debug|Any CPU.ActiveCfg = Debug|Any CPU
		{7C8E7830-650D-4FAA-BA4B-56766D09FC48}.Debug|Any CPU.Build.0 = Debug|Any CPU
		{7C8E7830-650D-4FAA-BA4B-56766D09FC48}.Release|Any CPU.ActiveCfg = Release|Any CPU
		{7C8E7830-650D-4FAA-BA4B-56766D09FC48}.Release|Any CPU.Build.0 = Release|Any CPU
		{5A421678-DA27-4326-ADE6-9732B4BB3E2B}.Debug|Any CPU.ActiveCfg = Debug|Any CPU
		{5A421678-DA27-4326-ADE6-9732B4BB3E2B}.Release|Any CPU.ActiveCfg = Release|Any CPU
		{FE12B326-BCD9-4989-A5E3-C9045EFBDDE0}.Debug|Any CPU.ActiveCfg = Debug|Any CPU
		{FE12B326-BCD9-4989-A5E3-C9045EFBDDE0}.Debug|Any CPU.Build.0 = Debug|Any CPU
		{FE12B326-BCD9-4989-A5E3-C9045EFBDDE0}.Release|Any CPU.ActiveCfg = Release|Any CPU
		{FE12B326-BCD9-4989-A5E3-C9045EFBDDE0}.Release|Any CPU.Build.0 = Release|Any CPU
		{FB0C7809-F84E-4343-8380-71F407B81D42}.Debug|Any CPU.ActiveCfg = Debug|Any CPU
		{FB0C7809-F84E-4343-8380-71F407B81D42}.Debug|Any CPU.Build.0 = Debug|Any CPU
		{FB0C7809-F84E-4343-8380-71F407B81D42}.Release|Any CPU.ActiveCfg = Release|Any CPU
		{FB0C7809-F84E-4343-8380-71F407B81D42}.Release|Any CPU.Build.0 = Release|Any CPU
		{679D1D25-0799-4896-9658-4FCC492AAA12}.Debug|Any CPU.ActiveCfg = Debug|Any CPU
		{679D1D25-0799-4896-9658-4FCC492AAA12}.Release|Any CPU.ActiveCfg = Release|Any CPU
		{5E767089-F407-496F-9EE5-911515D4369D}.Debug|Any CPU.ActiveCfg = Debug|Any CPU
		{5E767089-F407-496F-9EE5-911515D4369D}.Debug|Any CPU.Build.0 = Debug|Any CPU
		{5E767089-F407-496F-9EE5-911515D4369D}.Release|Any CPU.ActiveCfg = Release|Any CPU
		{5E767089-F407-496F-9EE5-911515D4369D}.Release|Any CPU.Build.0 = Release|Any CPU
		{0319E876-1FBB-4FF8-AA6D-A82BC461332D}.Debug|Any CPU.ActiveCfg = Debug|Any CPU
		{0319E876-1FBB-4FF8-AA6D-A82BC461332D}.Debug|Any CPU.Build.0 = Debug|Any CPU
		{0319E876-1FBB-4FF8-AA6D-A82BC461332D}.Release|Any CPU.ActiveCfg = Release|Any CPU
		{0319E876-1FBB-4FF8-AA6D-A82BC461332D}.Release|Any CPU.Build.0 = Release|Any CPU
		{3415DAE5-ABA2-417A-91FE-75CD541DEE0A}.Debug|Any CPU.ActiveCfg = Debug|Any CPU
		{3415DAE5-ABA2-417A-91FE-75CD541DEE0A}.Debug|Any CPU.Build.0 = Debug|Any CPU
		{3415DAE5-ABA2-417A-91FE-75CD541DEE0A}.Release|Any CPU.ActiveCfg = Release|Any CPU
		{3415DAE5-ABA2-417A-91FE-75CD541DEE0A}.Release|Any CPU.Build.0 = Release|Any CPU
		{EB8B7B61-38B2-4E76-BA13-5AE6D3A201C5}.Debug|Any CPU.ActiveCfg = Debug|Any CPU
		{EB8B7B61-38B2-4E76-BA13-5AE6D3A201C5}.Debug|Any CPU.Build.0 = Debug|Any CPU
		{EB8B7B61-38B2-4E76-BA13-5AE6D3A201C5}.Release|Any CPU.ActiveCfg = Release|Any CPU
		{EB8B7B61-38B2-4E76-BA13-5AE6D3A201C5}.Release|Any CPU.Build.0 = Release|Any CPU
		{978F6FAF-DB8A-4060-B14D-EA6332EBB8B1}.Debug|Any CPU.ActiveCfg = Debug|Any CPU
		{978F6FAF-DB8A-4060-B14D-EA6332EBB8B1}.Debug|Any CPU.Build.0 = Debug|Any CPU
		{978F6FAF-DB8A-4060-B14D-EA6332EBB8B1}.Release|Any CPU.ActiveCfg = Release|Any CPU
		{978F6FAF-DB8A-4060-B14D-EA6332EBB8B1}.Release|Any CPU.Build.0 = Release|Any CPU
		{0EF563D4-648F-460B-A22E-8ED4A234F375}.Debug|Any CPU.ActiveCfg = Debug|Any CPU
		{0EF563D4-648F-460B-A22E-8ED4A234F375}.Debug|Any CPU.Build.0 = Debug|Any CPU
		{0EF563D4-648F-460B-A22E-8ED4A234F375}.Release|Any CPU.ActiveCfg = Release|Any CPU
		{0EF563D4-648F-460B-A22E-8ED4A234F375}.Release|Any CPU.Build.0 = Release|Any CPU
		{C3EF2A73-9512-4798-AE92-53DD8C98BCDD}.Debug|Any CPU.ActiveCfg = Debug|Any CPU
		{C3EF2A73-9512-4798-AE92-53DD8C98BCDD}.Debug|Any CPU.Build.0 = Debug|Any CPU
		{C3EF2A73-9512-4798-AE92-53DD8C98BCDD}.Release|Any CPU.ActiveCfg = Release|Any CPU
		{C3EF2A73-9512-4798-AE92-53DD8C98BCDD}.Release|Any CPU.Build.0 = Release|Any CPU
	EndGlobalSection
	GlobalSection(SolutionProperties) = preSolution
		HideSolutionNode = FALSE
	EndGlobalSection
	GlobalSection(NestedProjects) = preSolution
		{5E767089-F407-496F-9EE5-911515D4369D} = {29B53297-D557-490E-95CB-449E7EBA4EC0}
		{0319E876-1FBB-4FF8-AA6D-A82BC461332D} = {29B53297-D557-490E-95CB-449E7EBA4EC0}
		{3415DAE5-ABA2-417A-91FE-75CD541DEE0A} = {E0E28C2C-1A5D-4E7E-BF00-326591D6C49F}
		{EB8B7B61-38B2-4E76-BA13-5AE6D3A201C5} = {A333A615-1BE3-4FAD-930E-2CF69D794320}
		{978F6FAF-DB8A-4060-B14D-EA6332EBB8B1} = {A333A615-1BE3-4FAD-930E-2CF69D794320}
		{0EF563D4-648F-460B-A22E-8ED4A234F375} = {A333A615-1BE3-4FAD-930E-2CF69D794320}
		{C3EF2A73-9512-4798-AE92-53DD8C98BCDD} = {A333A615-1BE3-4FAD-930E-2CF69D794320}
	EndGlobalSection
	GlobalSection(ExtensibilityGlobals) = postSolution
		SolutionGuid = {ACFD5F0E-9949-4C5E-9CD9-5B2C8BBA1B9E}
	EndGlobalSection
EndGlobal
